{
  "name": "hello-observable-entities",
  "version": "1.0.0",
  "lockfileVersion": 1,
  "requires": true,
  "dependencies": {
    "observable-entities": {
      "version": "1.0.0-beta.1",
      "resolved": "https://registry.npmjs.org/observable-entities/-/observable-entities-1.0.0-beta.1.tgz",
      "integrity": "sha512-UY8R0SYcAT8S+xvzWk9oW1TnC5Hbt4+QmE4A37ACf1xkKGpzXWWr5eiHEPllLkxcoVUUmw1NfgVM0SHe2pCsMA==",
      "requires": {
        "rxjs": "5.4.3"
      }
    },
    "rxjs": {
      "version": "5.4.3",
      "resolved": "https://registry.npmjs.org/rxjs/-/rxjs-5.4.3.tgz",
      "integrity": "sha512-fSNi+y+P9ss+EZuV0GcIIqPUK07DEaMRUtLJvdcvMyFjc9dizuDjere+A4V7JrLGnm9iCc+nagV/4QdMTkqC4A==",
      "requires": {
        "symbol-observable": "1.0.4"
      }
    },
    "symbol-observable": {
      "version": "1.0.4",
      "resolved": "https://registry.npmjs.org/symbol-observable/-/symbol-observable-1.0.4.tgz",
      "integrity": "sha1-Kb9hXUqnEhvdiYsi1LP5vE4qoD0="
    }
  }
}
